
Microsoft Visual Studio Solution File, Format Version 12.00
# Visual Studio Version 17
VisualStudioVersion = 17.5.33414.496
MinimumVisualStudioVersion = 10.0.40219.1
Project("{FAE04EC0-301F-11D3-BF4B-00C04F79EFBC}") = "Week9Lists", "Week9Lists\Week9Lists.csproj", "{5B81CE7F-D026-45AA-8B74-3CEB8466593D}"
EndProject
Global
	GlobalSection(SolutionConfigurationPlatforms) = preSolution
		Debug|Any CPU = Debug|Any CPU
		Release|Any CPU = Release|Any CPU
	EndGlobalSection
	GlobalSection(ProjectConfigurationPlatforms) = postSolution
		{5B81CE7F-D026-45AA-8B74-3CEB8466593D}.Debug|Any CPU.ActiveCfg = Debug|Any CPU
		{5B81CE7F-D026-45AA-8B74-3CEB8466593D}.Debug|Any CPU.Build.0 = Debug|Any CPU
		{5B81CE7F-D026-45AA-8B74-3CEB8466593D}.Release|Any CPU.ActiveCfg = Release|Any CPU
		{5B81CE7F-D026-45AA-8B74-3CEB8466593D}.Release|Any CPU.Build.0 = Release|Any CPU
	EndGlobalSection
	GlobalSection(SolutionProperties) = preSolution
		HideSolutionNode = FALSE
	EndGlobalSection
	GlobalSection(ExtensibilityGlobals) = postSolution
		SolutionGuid = {45A498AD-2B68-4E54-86C2-3CECD873C1BF}
	EndGlobalSection
EndGlobal
